# This file is automatically @generated by Cargo.
# It is not intended for manual editing.
version = 4

[[package]]
name = "glimpse-client"
version = "0.16.0"

[[package]]
name = "glimpse-config"
version = "0.16.0"

[[package]]
name = "glimpse-devtools"
version = "0.16.0"

[[package]]
name = "glimpse-lock"
version = "0.16.0"

[[package]]
name = "glimpse-panel"
version = "0.16.0"

[[package]]
name = "glimpse-proto"
version = "0.16.0"

[[package]]
name = "glimpse-services"
version = "0.16.0"

[[package]]
name = "glimpse-wallpaper"
version = "0.16.0"

[[package]]
name = "glimpse-widgets"
version = "0.16.0"

[[package]]
name = "glimpsectl"
version = "0.16.0"

[[package]]
name = "glimpsed"
version = "0.16.0"
