version = 1
revision = 3
requires-python = ">=3.14"

[[package]]
name = "colorpicker"
version = "0.1.0"
source = { editable = "." }
dependencies = [
    { name = "glimpse-applet-sdk" },
]

[package.metadata]
requires-dist = [{ name = "glimpse-applet-sdk", editable = "../../sdk/sdk-py" }]

[[package]]
name = "glimpse-applet-sdk"
version = "0.5.0"
source = { editable = "../../sdk/sdk-py" }
